
Microsoft Visual Studio Solution File, Format Version 12.00
# Visual Studio Version 17
VisualStudioVersion = 17.3.32929.385
MinimumVisualStudioVersion = 10.0.40219.1
Project("{9A19103F-16F7-4668-BE54-9A1E7A4F7556}") = "Laga", "Laga\Laga.csproj", "{5C19906B-8B81-464F-A3B4-A6B44163D527}"
EndProject
Project("{9A19103F-16F7-4668-BE54-9A1E7A4F7556}") = "LagaRhino", "LagaRhino\LagaRhino.csproj", "{F4A79B92-F30E-4932-9F0F-483E208A7763}"
EndProject
Global
	GlobalSection(SolutionConfigurationPlatforms) = preSolution
		Debug|Any CPU = Debug|Any CPU
		Release|Any CPU = Release|Any CPU
	EndGlobalSection
	GlobalSection(ProjectConfigurationPlatforms) = postSolution
		{5C19906B-8B81-464F-A3B4-A6B44163D527}.Debug|Any CPU.ActiveCfg = Debug|Any CPU
		{5C19906B-8B81-464F-A3B4-A6B44163D527}.Debug|Any CPU.Build.0 = Debug|Any CPU
		{5C19906B-8B81-464F-A3B4-A6B44163D527}.Release|Any CPU.ActiveCfg = Release|Any CPU
		{5C19906B-8B81-464F-A3B4-A6B44163D527}.Release|Any CPU.Build.0 = Release|Any CPU
		{F4A79B92-F30E-4932-9F0F-483E208A7763}.Debug|Any CPU.ActiveCfg = Debug|Any CPU
		{F4A79B92-F30E-4932-9F0F-483E208A7763}.Debug|Any CPU.Build.0 = Debug|Any CPU
		{F4A79B92-F30E-4932-9F0F-483E208A7763}.Release|Any CPU.ActiveCfg = Release|Any CPU
		{F4A79B92-F30E-4932-9F0F-483E208A7763}.Release|Any CPU.Build.0 = Release|Any CPU
	EndGlobalSection
	GlobalSection(SolutionProperties) = preSolution
		HideSolutionNode = FALSE
	EndGlobalSection
	GlobalSection(ExtensibilityGlobals) = postSolution
		SolutionGuid = {52C99EBA-784B-4EFB-B47A-32D8E338801B}
	EndGlobalSection
EndGlobal
